
Microsoft Visual Studio Solution File, Format Version 12.00
# Visual Studio Version 17
VisualStudioVersion = 17.14.36414.22
MinimumVisualStudioVersion = 10.0.40219.1
Project("{FAE04EC0-301F-11D3-BF4B-00C04F79EFBC}") = "SkillExchange.API", "SkillExchange.API\SkillExchange.API.csproj", "{B47EA8CE-55A6-48EF-B3D1-8E18DAAD4238}"
EndProject
Project("{FAE04EC0-301F-11D3-BF4B-00C04F79EFBC}") = "SkillExchange.DAL", "SkillExchange.DAL\SkillExchange.DAL.csproj", "{93D2B099-A898-4F21-BAAC-7CD6FA7E7D86}"
EndProject
Project("{FAE04EC0-301F-11D3-BF4B-00C04F79EFBC}") = "SkillExchange.BAL", "SkillExchange.BAL\SkillExchange.BAL.csproj", "{82DEBA67-5F26-471B-8FB7-69818A45D2F9}"
EndProject
Global
	GlobalSection(SolutionConfigurationPlatforms) = preSolution
		Debug|Any CPU = Debug|Any CPU
		Release|Any CPU = Release|Any CPU
	EndGlobalSection
	GlobalSection(ProjectConfigurationPlatforms) = postSolution
		{B47EA8CE-55A6-48EF-B3D1-8E18DAAD4238}.Debug|Any CPU.ActiveCfg = Debug|Any CPU
		{B47EA8CE-55A6-48EF-B3D1-8E18DAAD4238}.Debug|Any CPU.Build.0 = Debug|Any CPU
		{B47EA8CE-55A6-48EF-B3D1-8E18DAAD4238}.Release|Any CPU.ActiveCfg = Release|Any CPU
		{B47EA8CE-55A6-48EF-B3D1-8E18DAAD4238}.Release|Any CPU.Build.0 = Release|Any CPU
		{93D2B099-A898-4F21-BAAC-7CD6FA7E7D86}.Debug|Any CPU.ActiveCfg = Debug|Any CPU
		{93D2B099-A898-4F21-BAAC-7CD6FA7E7D86}.Debug|Any CPU.Build.0 = Debug|Any CPU
		{93D2B099-A898-4F21-BAAC-7CD6FA7E7D86}.Release|Any CPU.ActiveCfg = Release|Any CPU
		{93D2B099-A898-4F21-BAAC-7CD6FA7E7D86}.Release|Any CPU.Build.0 = Release|Any CPU
		{82DEBA67-5F26-471B-8FB7-69818A45D2F9}.Debug|Any CPU.ActiveCfg = Debug|Any CPU
		{82DEBA67-5F26-471B-8FB7-69818A45D2F9}.Debug|Any CPU.Build.0 = Debug|Any CPU
		{82DEBA67-5F26-471B-8FB7-69818A45D2F9}.Release|Any CPU.ActiveCfg = Release|Any CPU
		{82DEBA67-5F26-471B-8FB7-69818A45D2F9}.Release|Any CPU.Build.0 = Release|Any CPU
	EndGlobalSection
	GlobalSection(SolutionProperties) = preSolution
		HideSolutionNode = FALSE
	EndGlobalSection
	GlobalSection(ExtensibilityGlobals) = postSolution
		SolutionGuid = {E5BFDD2D-E03B-466F-8144-3C79489B34AA}
	EndGlobalSection
EndGlobal
